PODS:
  - Flutter (1.0.0)
  - flutter_microduino_html (0.0.1):
    - Flutter

DEPENDENCIES:
  - Flutter (from `.symlinks/flutter/ios`)
  - flutter_microduino_html (from `.symlinks/plugins/flutter_microduino_html/ios`)

EXTERNAL SOURCES:
  Flutter:
    :path: ".symlinks/flutter/ios"
  flutter_microduino_html:
    :path: ".symlinks/plugins/flutter_microduino_html/ios"

SPEC CHECKSUMS:
  Flutter: 9d0fac939486c9aba2809b7982dfdbb47a7b0296
  flutter_microduino_html: acb82e3e37e2735322d9246cffaa456c812456c6

PODFILE CHECKSUM: aff02bfeed411c636180d6812254b2daeea14d09

COCOAPODS: 1.5.3
